
Microsoft Visual Studio Solution File, Format Version 12.00
# Visual Studio Version 16
VisualStudioVersion = 16.0.30011.22
MinimumVisualStudioVersion = 10.0.40219.1
Project("{FAE04EC0-301F-11D3-BF4B-00C04F79EFBC}") = "ApiExercise", "ApiExercise\ApiExercise.csproj", "{38DB3F97-A385-4696-855D-2BD33F079417}"
EndProject
Project("{FAE04EC0-301F-11D3-BF4B-00C04F79EFBC}") = "ClientExercise", "ClientExercise\ClientExercise.csproj", "{A9CD248E-3D79-433A-BD9B-71F0DB5E7A36}"
EndProject
Global
	GlobalSection(SolutionConfigurationPlatforms) = preSolution
		Debug|Any CPU = Debug|Any CPU
		Release|Any CPU = Release|Any CPU
	EndGlobalSection
	GlobalSection(ProjectConfigurationPlatforms) = postSolution
		{38DB3F97-A385-4696-855D-2BD33F079417}.Debug|Any CPU.ActiveCfg = Debug|Any CPU
		{38DB3F97-A385-4696-855D-2BD33F079417}.Debug|Any CPU.Build.0 = Debug|Any CPU
		{38DB3F97-A385-4696-855D-2BD33F079417}.Release|Any CPU.ActiveCfg = Release|Any CPU
		{38DB3F97-A385-4696-855D-2BD33F079417}.Release|Any CPU.Build.0 = Release|Any CPU
		{A9CD248E-3D79-433A-BD9B-71F0DB5E7A36}.Debug|Any CPU.ActiveCfg = Debug|Any CPU
		{A9CD248E-3D79-433A-BD9B-71F0DB5E7A36}.Debug|Any CPU.Build.0 = Debug|Any CPU
		{A9CD248E-3D79-433A-BD9B-71F0DB5E7A36}.Release|Any CPU.ActiveCfg = Release|Any CPU
		{A9CD248E-3D79-433A-BD9B-71F0DB5E7A36}.Release|Any CPU.Build.0 = Release|Any CPU
	EndGlobalSection
	GlobalSection(SolutionProperties) = preSolution
		HideSolutionNode = FALSE
	EndGlobalSection
	GlobalSection(ExtensibilityGlobals) = postSolution
		SolutionGuid = {5FEBA925-FB85-4A55-8FF0-38F71946C40A}
	EndGlobalSection
EndGlobal
